lockfileVersion: '9.0'

settings:
  autoInstallPeers: true
  excludeLinksFromLockfile: false

importers:

  .:
    dependencies:
      write-json-file:
        specifier: ^6.0.0
        version: 6.0.0
    devDependencies:
      is-positive:
        specifier: ^3.1.0
        version: 3.1.0
    optionalDependencies:
      is-negative:
        specifier: ^2.1.0
        version: 2.1.0

packages:

  detect-indent@7.0.2:
    resolution: {integrity: sha512-y+8xyqdGLL+6sh0tVeHcfP/QDd8gUgbasolJJpY7NgeQGSZ739bDtSiaiDgtoicy+mtYB81dKLxO9xRhCyIB3A==}
    engines: {node: '>=12.20'}

  imurmurhash@0.1.4:
    resolution: {integrity: sha512-JmXMZ6wuvDmLiHEml9ykzqO6lwFbof0GG4IkcGaENdCRDDmMVnny7s5HsIgHCbaq0w2MyPhDqkhTUgS2LU2PHA==}
    engines: {node: '>=0.8.19'}

  is-negative@2.1.0:
    resolution: {integrity: sha512-+iCKT4ZcvjRnjkHnQjZ8/qfciLLGD8BFKS0GNR5VjDU6jEiwh899R0GSMkaYcuTNd7fEKXb3Qib0webe6HczNw==}
    engines: {node: '>=0.10.0'}

  is-plain-obj@4.1.0:
    resolution: {integrity: sha512-+Pgi+vMuUNkJyExiMBt5IlFoMyKnr5zhJ4Uspz58WOhBF5QoIZkFyNHIbBAtHwzVAgk5RtndVNsDRN61/mmDqg==}
    engines: {node: '>=12'}

  is-positive@3.1.0:
    resolution: {integrity: sha512-8ND1j3y9/HP94TOvGzr69/FgbkX2ruOldhLEsTWwcJVfo4oRjwemJmJxt7RJkKYH8tz7vYBP9JcKQY8CLuJ90Q==}
    engines: {node: '>=0.10.0'}

  signal-exit@4.1.0:
    resolution: {integrity: sha512-bzyZ1e88w9O1iNJbKnOlvYTrWPDl46O1bG0D3XInv+9tkPrxrN8jUUTiFlDkkmKWgn1M6CfIA13SuGqOa9Korw==}
    engines: {node: '>=14'}

  sort-keys@5.1.0:
    resolution: {integrity: sha512-aSbHV0DaBcr7u0PVHXzM6NbZNAtrr9sF6+Qfs9UUVG7Ll3jQ6hHi8F/xqIIcn2rvIVbr0v/2zyjSdwSV47AgLQ==}
    engines: {node: '>=12'}

  write-file-atomic@5.0.1:
    resolution: {integrity: sha512-+QU2zd6OTD8XWIJCbffaiQeH9U73qIqafo1x6V1snCWYGJf6cVE0cDR4D8xRzcEnfI21IFrUPzPGtcPf8AC+Rw==}
    engines: {node: ^14.17.0 || ^16.13.0 || >=18.0.0}

  write-json-file@6.0.0:
    resolution: {integrity: sha512-MNHcU3f9WxnNyR6MxsYSj64Jz0+dwIpisWKWq9gqLj/GwmA9INg3BZ3vt70/HB3GEwrnDQWr4RPrywnhNzmUFA==}
    engines: {node: '>=18'}

snapshots:

  detect-indent@7.0.2: {}

  imurmurhash@0.1.4: {}

  is-negative@2.1.0:
    optional: true

  is-plain-obj@4.1.0: {}

  is-positive@3.1.0: {}

  signal-exit@4.1.0: {}

  sort-keys@5.1.0:
    dependencies:
      is-plain-obj: 4.1.0

  write-file-atomic@5.0.1:
    dependencies:
      imurmurhash: 0.1.4
      signal-exit: 4.1.0

  write-json-file@6.0.0:
    dependencies:
      detect-indent: 7.0.2
      is-plain-obj: 4.1.0
      sort-keys: 5.1.0
      write-file-atomic: 5.0.1
